PODS:
  - CryptoSwift (1.0.0)
  - OpenCV (4.1.0)
  - Realm (3.19.0):
    - Realm/Headers (= 3.19.0)
  - Realm/Headers (3.19.0)
  - RealmSwift (3.19.0):
    - Realm (= 3.19.0)

DEPENDENCIES:
  - CryptoSwift
  - OpenCV
  - RealmSwift

SPEC REPOS:
  trunk:
    - CryptoSwift
    - OpenCV
    - Realm
    - RealmSwift

SPEC CHECKSUMS:
  CryptoSwift: d81eeaa59dc5a8d03720fe919a6fd07b51f7439f
  OpenCV: 52cd4d72ff29e2be83421477aec5447320b7fb19
  Realm: 995d585bcf699aaff226715886c849a29dd3d07f
  RealmSwift: 35f284a537989f2187b413e5917091948cb87a3f

PODFILE CHECKSUM: f2822ddaa68d5339b8e8d7987be0ec390ac7b2ee

COCOAPODS: 1.8.0.beta.1
