// !$*UTF8*$!
{
	archiveVersion = 1;
	classes = {
	};
	objectVersion = 51;
	objects = {

/* Begin PBXBuildFile section */
		595BB337079018C83BFB6BB1 /* Pods_OrzReader.framework in Frameworks */ = {isa = PBXBuildFile; fileRef = 3CF0A83EACA9045189C5D477 /* Pods_OrzReader.framework */; };
		E232602A2322267C003816EC /* OrzPDFDetailView.swift in Sources */ = {isa = PBXBuildFile; fileRef = E23260292322267C003816EC /* OrzPDFDetailView.swift */; };
		E252CA912324E74B00EF85AB /* OrzPDFStore.swift in Sources */ = {isa = PBXBuildFile; fileRef = E252CA902324E74B00EF85AB /* OrzPDFStore.swift */; };
		E289F77B233DED3A00AD030D /* OrzPDFViewCoordinator.swift in Sources */ = {isa = PBXBuildFile; fileRef = E289F77A233DED3A00AD030D /* OrzPDFViewCoordinator.swift */; };
		E2ABDA0223214C4D00DD3D28 /* AppDelegate.swift in Sources */ = {isa = PBXBuildFile; fileRef = E2ABDA0123214C4D00DD3D28 /* AppDelegate.swift */; };
		E2ABDA0423214C4D00DD3D28 /* SceneDelegate.swift in Sources */ = {isa = PBXBuildFile; fileRef = E2ABDA0323214C4D00DD3D28 /* SceneDelegate.swift */; };
		E2ABDA0623214C4D00DD3D28 /* OrzPDFListView.swift in Sources */ = {isa = PBXBuildFile; fileRef = E2ABDA0523214C4D00DD3D28 /* OrzPDFListView.swift */; };
		E2ABDA0823214C5200DD3D28 /* Assets.xcassets in Resources */ = {isa = PBXBuildFile; fileRef = E2ABDA0723214C5200DD3D28 /* Assets.xcassets */; };
		E2ABDA0B23214C5200DD3D28 /* Preview Assets.xcassets in Resources */ = {isa = PBXBuildFile; fileRef = E2ABDA0A23214C5200DD3D28 /* Preview Assets.xcassets */; };
		E2ABDA0E23214C5200DD3D28 /* LaunchScreen.storyboard in Resources */ = {isa = PBXBuildFile; fileRef = E2ABDA0C23214C5200DD3D28 /* LaunchScreen.storyboard */; };
		E2ABDA1623214C7800DD3D28 /* README.md in Resources */ = {isa = PBXBuildFile; fileRef = E2ABDA1523214C7800DD3D28 /* README.md */; };
		E2ABDA2823214C8000DD3D28 /* OpenCV.mm in Sources */ = {isa = PBXBuildFile; fileRef = E2ABDA1E23214C8000DD3D28 /* OpenCV.mm */; };
		E2ABDA2A23214C8000DD3D28 /* OrzPDFInfo.swift in Sources */ = {isa = PBXBuildFile; fileRef = E2ABDA2123214C8000DD3D28 /* OrzPDFInfo.swift */; };
		E2ABDA302321503600DD3D28 /* OrzPDFView.swift in Sources */ = {isa = PBXBuildFile; fileRef = E2ABDA2F2321503600DD3D28 /* OrzPDFView.swift */; };
		E2C68F312342362600734385 /* OrzPDFListRow.swift in Sources */ = {isa = PBXBuildFile; fileRef = E2C68F302342362600734385 /* OrzPDFListRow.swift */; };
		E2EB817E2351B38C0077BC6E /* OrzFeedBackView.swift in Sources */ = {isa = PBXBuildFile; fileRef = E2EB817D2351B38C0077BC6E /* OrzFeedBackView.swift */; };
		F30A3DFE233FA2B80067B167 /* OrzPDFProgressView.swift in Sources */ = {isa = PBXBuildFile; fileRef = F30A3DFD233FA2B80067B167 /* OrzPDFProgressView.swift */; };
/* End PBXBuildFile section */

/* Begin PBXFileReference section */
		3CF0A83EACA9045189C5D477 /* Pods_OrzReader.framework */ = {isa = PBXFileReference; explicitFileType = wrapper.framework; includeInIndex = 0; path = Pods_OrzReader.framework; sourceTree = BUILT_PRODUCTS_DIR; };
		46A2103D3667B5FA37B16EA9 /* Pods-OrzReader.debug.xcconfig */ = {isa = PBXFileReference; includeInIndex = 1; lastKnownFileType = text.xcconfig; name = "Pods-OrzReader.debug.xcconfig"; path = "Pods/Target Support Files/Pods-OrzReader/Pods-OrzReader.debug.xcconfig"; sourceTree = "<group>"; };
		8E0C44C4F2B3BE8D319BAFD2 /* Pods-OrzReader.release.xcconfig */ = {isa = PBXFileReference; includeInIndex = 1; lastKnownFileType = text.xcconfig; name = "Pods-OrzReader.release.xcconfig"; path = "Pods/Target Support Files/Pods-OrzReader/Pods-OrzReader.release.xcconfig"; sourceTree = "<group>"; };
		E23260292322267C003816EC /* OrzPDFDetailView.swift */ = {isa = PBXFileReference; lastKnownFileType = sourcecode.swift; path = OrzPDFDetailView.swift; sourceTree = "<group>"; };
		E252CA902324E74B00EF85AB /* OrzPDFStore.swift */ = {isa = PBXFileReference; lastKnownFileType = sourcecode.swift; path = OrzPDFStore.swift; sourceTree = "<group>"; };
		E289F77A233DED3A00AD030D /* OrzPDFViewCoordinator.swift */ = {isa = PBXFileReference; lastKnownFileType = sourcecode.swift; path = OrzPDFViewCoordinator.swift; sourceTree = "<group>"; };
		E2ABD9FE23214C4D00DD3D28 /* OrzReader.app */ = {isa = PBXFileReference; explicitFileType = wrapper.application; includeInIndex = 0; path = OrzReader.app; sourceTree = BUILT_PRODUCTS_DIR; };
		E2ABDA0123214C4D00DD3D28 /* AppDelegate.swift */ = {isa = PBXFileReference; lastKnownFileType = sourcecode.swift; path = AppDelegate.swift; sourceTree = "<group>"; };
		E2ABDA0323214C4D00DD3D28 /* SceneDelegate.swift */ = {isa = PBXFileReference; lastKnownFileType = sourcecode.swift; path = SceneDelegate.swift; sourceTree = "<group>"; };
		E2ABDA0523214C4D00DD3D28 /* OrzPDFListView.swift */ = {isa = PBXFileReference; lastKnownFileType = sourcecode.swift; path = OrzPDFListView.swift; sourceTree = "<group>"; };
		E2ABDA0723214C5200DD3D28 /* Assets.xcassets */ = {isa = PBXFileReference; lastKnownFileType = folder.assetcatalog; path = Assets.xcassets; sourceTree = "<group>"; };
		E2ABDA0A23214C5200DD3D28 /* Preview Assets.xcassets */ = {isa = PBXFileReference; lastKnownFileType = folder.assetcatalog; path = "Preview Assets.xcassets"; sourceTree = "<group>"; };
		E2ABDA0D23214C5200DD3D28 /* Base */ = {isa = PBXFileReference; lastKnownFileType = file.storyboard; name = Base; path = Base.lproj/LaunchScreen.storyboard; sourceTree = "<group>"; };
		E2ABDA0F23214C5200DD3D28 /* Info.plist */ = {isa = PBXFileReference; lastKnownFileType = text.plist.xml; path = Info.plist; sourceTree = "<group>"; };
		E2ABDA1523214C7800DD3D28 /* README.md */ = {isa = PBXFileReference; fileEncoding = 4; lastKnownFileType = net.daringfireball.markdown; path = README.md; sourceTree = "<group>"; };
		E2ABDA1D23214C8000DD3D28 /* OpenCV.h */ = {isa = PBXFileReference; fileEncoding = 4; lastKnownFileType = sourcecode.c.h; path = OpenCV.h; sourceTree = "<group>"; };
		E2ABDA1E23214C8000DD3D28 /* OpenCV.mm */ = {isa = PBXFileReference; fileEncoding = 4; lastKnownFileType = sourcecode.cpp.objcpp; path = OpenCV.mm; sourceTree = "<group>"; };
		E2ABDA2123214C8000DD3D28 /* OrzPDFInfo.swift */ = {isa = PBXFileReference; fileEncoding = 4; lastKnownFileType = sourcecode.swift; path = OrzPDFInfo.swift; sourceTree = "<group>"; };
		E2ABDA2223214C8000DD3D28 /* OrzReaderBridge.h */ = {isa = PBXFileReference; fileEncoding = 4; lastKnownFileType = sourcecode.c.h; path = OrzReaderBridge.h; sourceTree = "<group>"; };
		E2ABDA2F2321503600DD3D28 /* OrzPDFView.swift */ = {isa = PBXFileReference; lastKnownFileType = sourcecode.swift; path = OrzPDFView.swift; sourceTree = "<group>"; };
		E2C68F302342362600734385 /* OrzPDFListRow.swift */ = {isa = PBXFileReference; lastKnownFileType = sourcecode.swift; path = OrzPDFListRow.swift; sourceTree = "<group>"; };
		E2EB817D2351B38C0077BC6E /* OrzFeedBackView.swift */ = {isa = PBXFileReference; lastKnownFileType = sourcecode.swift; path = OrzFeedBackView.swift; sourceTree = "<group>"; };
		F30A3DFD233FA2B80067B167 /* OrzPDFProgressView.swift */ = {isa = PBXFileReference; lastKnownFileType = sourcecode.swift; path = OrzPDFProgressView.swift; sourceTree = "<group>"; };
/* End PBXFileReference section */

/* Begin PBXFrameworksBuildPhase section */
		E2ABD9FB23214C4D00DD3D28 /* Frameworks */ = {
			isa = PBXFrameworksBuildPhase;
			buildActionMask = 2147483647;
			files = (
				595BB337079018C83BFB6BB1 /* Pods_OrzReader.framework in Frameworks */,
			);
			runOnlyForDeploymentPostprocessing = 0;
		};
/* End PBXFrameworksBuildPhase section */

/* Begin PBXGroup section */
		A072B553EB255D73B9189DF3 /* Pods */ = {
			isa = PBXGroup;
			children = (
				46A2103D3667B5FA37B16EA9 /* Pods-OrzReader.debug.xcconfig */,
				8E0C44C4F2B3BE8D319BAFD2 /* Pods-OrzReader.release.xcconfig */,
			);
			name = Pods;
			sourceTree = "<group>";
		};
		BEEBED8AEF16DE83A27DFF91 /* Frameworks */ = {
			isa = PBXGroup;
			children = (
				3CF0A83EACA9045189C5D477 /* Pods_OrzReader.framework */,
			);
			name = Frameworks;
			sourceTree = "<group>";
		};
		E252CA8F2324E73A00EF85AB /* Store */ = {
			isa = PBXGroup;
			children = (
				E252CA902324E74B00EF85AB /* OrzPDFStore.swift */,
			);
			path = Store;
			sourceTree = "<group>";
		};
		E2ABD9F523214C4D00DD3D28 = {
			isa = PBXGroup;
			children = (
				E2ABDA1523214C7800DD3D28 /* README.md */,
				E2ABDA0023214C4D00DD3D28 /* OrzReader */,
				E2ABD9FF23214C4D00DD3D28 /* Products */,
				A072B553EB255D73B9189DF3 /* Pods */,
				BEEBED8AEF16DE83A27DFF91 /* Frameworks */,
			);
			sourceTree = "<group>";
		};
		E2ABD9FF23214C4D00DD3D28 /* Products */ = {
			isa = PBXGroup;
			children = (
				E2ABD9FE23214C4D00DD3D28 /* OrzReader.app */,
			);
			name = Products;
			sourceTree = "<group>";
		};
		E2ABDA0023214C4D00DD3D28 /* OrzReader */ = {
			isa = PBXGroup;
			children = (
				E2ABDA2C23214E5C00DD3D28 /* App */,
				E2ABDA2E23214ED800DD3D28 /* Supported */,
			);
			path = OrzReader;
			sourceTree = "<group>";
		};
		E2ABDA0923214C5200DD3D28 /* Preview Content */ = {
			isa = PBXGroup;
			children = (
				E2ABDA0A23214C5200DD3D28 /* Preview Assets.xcassets */,
			);
			path = "Preview Content";
			sourceTree = "<group>";
		};
		E2ABDA1723214C8000DD3D28 /* Core */ = {
			isa = PBXGroup;
			children = (
				E2ABDA2223214C8000DD3D28 /* OrzReaderBridge.h */,
				E2ABDA1C23214C8000DD3D28 /* OpenCV */,
				E2ABDA2023214C8000DD3D28 /* Model */,
			);
			path = Core;
			sourceTree = "<group>";
		};
		E2ABDA1C23214C8000DD3D28 /* OpenCV */ = {
			isa = PBXGroup;
			children = (
				E2ABDA1D23214C8000DD3D28 /* OpenCV.h */,
				E2ABDA1E23214C8000DD3D28 /* OpenCV.mm */,
			);
			path = OpenCV;
			sourceTree = "<group>";
		};
		E2ABDA2023214C8000DD3D28 /* Model */ = {
			isa = PBXGroup;
			children = (
				E2ABDA2123214C8000DD3D28 /* OrzPDFInfo.swift */,
			);
			path = Model;
			sourceTree = "<group>";
		};
		E2ABDA2C23214E5C00DD3D28 /* App */ = {
			isa = PBXGroup;
			children = (
				E2ABDA0123214C4D00DD3D28 /* AppDelegate.swift */,
				E2ABDA0323214C4D00DD3D28 /* SceneDelegate.swift */,
				E2ABDA1723214C8000DD3D28 /* Core */,
				E2ABDA2D23214E6200DD3D28 /* View */,
			);
			path = App;
			sourceTree = "<group>";
		};
		E2ABDA2D23214E6200DD3D28 /* View */ = {
			isa = PBXGroup;
			children = (
				E252CA8F2324E73A00EF85AB /* Store */,
				E2ABDA0523214C4D00DD3D28 /* OrzPDFListView.swift */,
				E2EB817D2351B38C0077BC6E /* OrzFeedBackView.swift */,
				E2C68F302342362600734385 /* OrzPDFListRow.swift */,
				E23260292322267C003816EC /* OrzPDFDetailView.swift */,
				F30A3DFD233FA2B80067B167 /* OrzPDFProgressView.swift */,
				E2ABDA2F2321503600DD3D28 /* OrzPDFView.swift */,
				E289F77A233DED3A00AD030D /* OrzPDFViewCoordinator.swift */,
				E2ABDA0923214C5200DD3D28 /* Preview Content */,
			);
			path = View;
			sourceTree = "<group>";
		};
		E2ABDA2E23214ED800DD3D28 /* Supported */ = {
			isa = PBXGroup;
			children = (
				E2ABDA0723214C5200DD3D28 /* Assets.xcassets */,
				E2ABDA0C23214C5200DD3D28 /* LaunchScreen.storyboard */,
				E2ABDA0F23214C5200DD3D28 /* Info.plist */,
			);
			path = Supported;
			sourceTree = "<group>";
		};
/* End PBXGroup section */

/* Begin PBXNativeTarget section */
		E2ABD9FD23214C4D00DD3D28 /* OrzReader */ = {
			isa = PBXNativeTarget;
			buildConfigurationList = E2ABDA1223214C5200DD3D28 /* Build configuration list for PBXNativeTarget "OrzReader" */;
			buildPhases = (
				6586CA29125F471583995E95 /* [CP] Check Pods Manifest.lock */,
				E2ABD9FA23214C4D00DD3D28 /* Sources */,
				E2ABD9FB23214C4D00DD3D28 /* Frameworks */,
				E2ABD9FC23214C4D00DD3D28 /* Resources */,
				E134713BAC78C98E2A230B44 /* [CP] Embed Pods Frameworks */,
			);
			buildRules = (
			);
			dependencies = (
			);
			name = OrzReader;
			productName = OrzReader;
			productReference = E2ABD9FE23214C4D00DD3D28 /* OrzReader.app */;
			productType = "com.apple.product-type.application";
		};
/* End PBXNativeTarget section */

/* Begin PBXProject section */
		E2ABD9F623214C4D00DD3D28 /* Project object */ = {
			isa = PBXProject;
			attributes = {
				LastSwiftUpdateCheck = 1100;
				LastUpgradeCheck = 1100;
				ORGANIZATIONNAME = wangzhizhou;
				TargetAttributes = {
					E2ABD9FD23214C4D00DD3D28 = {
						CreatedOnToolsVersion = 11.0;
					};
				};
			};
			buildConfigurationList = E2ABD9F923214C4D00DD3D28 /* Build configuration list for PBXProject "OrzReader" */;
			compatibilityVersion = "Xcode 9.3";
			developmentRegion = en;
			hasScannedForEncodings = 0;
			knownRegions = (
				en,
				Base,
			);
			mainGroup = E2ABD9F523214C4D00DD3D28;
			productRefGroup = E2ABD9FF23214C4D00DD3D28 /* Products */;
			projectDirPath = "";
			projectRoot = "";
			targets = (
				E2ABD9FD23214C4D00DD3D28 /* OrzReader */,
			);
		};
/* End PBXProject section */

/* Begin PBXResourcesBuildPhase section */
		E2ABD9FC23214C4D00DD3D28 /* Resources */ = {
			isa = PBXResourcesBuildPhase;
			buildActionMask = 2147483647;
			files = (
				E2ABDA0E23214C5200DD3D28 /* LaunchScreen.storyboard in Resources */,
				E2ABDA0B23214C5200DD3D28 /* Preview Assets.xcassets in Resources */,
				E2ABDA1623214C7800DD3D28 /* README.md in Resources */,
				E2ABDA0823214C5200DD3D28 /* Assets.xcassets in Resources */,
			);
			runOnlyForDeploymentPostprocessing = 0;
		};
/* End PBXResourcesBuildPhase section */

/* Begin PBXShellScriptBuildPhase section */
		6586CA29125F471583995E95 /* [CP] Check Pods Manifest.lock */ = {
			isa = PBXShellScriptBuildPhase;
			buildActionMask = 2147483647;
			files = (
			);
			inputFileListPaths = (
			);
			inputPaths = (
				"${PODS_PODFILE_DIR_PATH}/Podfile.lock",
				"${PODS_ROOT}/Manifest.lock",
			);
			name = "[CP] Check Pods Manifest.lock";
			outputFileListPaths = (
			);
			outputPaths = (
				"$(DERIVED_FILE_DIR)/Pods-OrzReader-checkManifestLockResult.txt",
			);
			runOnlyForDeploymentPostprocessing = 0;
			shellPath = /bin/sh;
			shellScript = "diff \"${PODS_PODFILE_DIR_PATH}/Podfile.lock\" \"${PODS_ROOT}/Manifest.lock\" > /dev/null\nif [ $? != 0 ] ; then\n    # print error to STDERR\n    echo \"error: The sandbox is not in sync with the Podfile.lock. Run 'pod install' or update your CocoaPods installation.\" >&2\n    exit 1\nfi\n# This output is used by Xcode 'outputs' to avoid re-running this script phase.\necho \"SUCCESS\" > \"${SCRIPT_OUTPUT_FILE_0}\"\n";
			showEnvVarsInLog = 0;
		};
		E134713BAC78C98E2A230B44 /* [CP] Embed Pods Frameworks */ = {
			isa = PBXShellScriptBuildPhase;
			buildActionMask = 2147483647;
			files = (
			);
			inputFileListPaths = (
				"${PODS_ROOT}/Target Support Files/Pods-OrzReader/Pods-OrzReader-frameworks-${CONFIGURATION}-input-files.xcfilelist",
			);
			name = "[CP] Embed Pods Frameworks";
			outputFileListPaths = (
				"${PODS_ROOT}/Target Support Files/Pods-OrzReader/Pods-OrzReader-frameworks-${CONFIGURATION}-output-files.xcfilelist",
			);
			runOnlyForDeploymentPostprocessing = 0;
			shellPath = /bin/sh;
			shellScript = "\"${PODS_ROOT}/Target Support Files/Pods-OrzReader/Pods-OrzReader-frameworks.sh\"\n";
			showEnvVarsInLog = 0;
		};
/* End PBXShellScriptBuildPhase section */

/* Begin PBXSourcesBuildPhase section */
		E2ABD9FA23214C4D00DD3D28 /* Sources */ = {
			isa = PBXSourcesBuildPhase;
			buildActionMask = 2147483647;
			files = (
				F30A3DFE233FA2B80067B167 /* OrzPDFProgressView.swift in Sources */,
				E2ABDA2A23214C8000DD3D28 /* OrzPDFInfo.swift in Sources */,
				E2ABDA0223214C4D00DD3D28 /* AppDelegate.swift in Sources */,
				E2ABDA2823214C8000DD3D28 /* OpenCV.mm in Sources */,
				E2ABDA302321503600DD3D28 /* OrzPDFView.swift in Sources */,
				E2ABDA0423214C4D00DD3D28 /* SceneDelegate.swift in Sources */,
				E289F77B233DED3A00AD030D /* OrzPDFViewCoordinator.swift in Sources */,
				E2EB817E2351B38C0077BC6E /* OrzFeedBackView.swift in Sources */,
				E2ABDA0623214C4D00DD3D28 /* OrzPDFListView.swift in Sources */,
				E252CA912324E74B00EF85AB /* OrzPDFStore.swift in Sources */,
				E2C68F312342362600734385 /* OrzPDFListRow.swift in Sources */,
				E232602A2322267C003816EC /* OrzPDFDetailView.swift in Sources */,
			);
			runOnlyForDeploymentPostprocessing = 0;
		};
/* End PBXSourcesBuildPhase section */

/* Begin PBXVariantGroup section */
		E2ABDA0C23214C5200DD3D28 /* LaunchScreen.storyboard */ = {
			isa = PBXVariantGroup;
			children = (
				E2ABDA0D23214C5200DD3D28 /* Base */,
			);
			name = LaunchScreen.storyboard;
			sourceTree = "<group>";
		};
/* End PBXVariantGroup section */

/* Begin XCBuildConfiguration section */
		E2ABDA1023214C5200DD3D28 /* Debug */ = {
			isa = XCBuildConfiguration;
			buildSettings = {
				ALWAYS_SEARCH_USER_PATHS = NO;
				CLANG_ANALYZER_NONNULL = YES;
				CLANG_ANALYZER_NUMBER_OBJECT_CONVERSION = YES_AGGRESSIVE;
				CLANG_CXX_LANGUAGE_STANDARD = "gnu++14";
				CLANG_CXX_LIBRARY = "libc++";
				CLANG_ENABLE_MODULES = YES;
				CLANG_ENABLE_OBJC_ARC = YES;
				CLANG_ENABLE_OBJC_WEAK = YES;
				CLANG_WARN_BLOCK_CAPTURE_AUTORELEASING = YES;
				CLANG_WARN_BOOL_CONVERSION = YES;
				CLANG_WARN_COMMA = YES;
				CLANG_WARN_CONSTANT_CONVERSION = YES;
				CLANG_WARN_DEPRECATED_OBJC_IMPLEMENTATIONS = YES;
				CLANG_WARN_DIRECT_OBJC_ISA_USAGE = YES_ERROR;
				CLANG_WARN_DOCUMENTATION_COMMENTS = YES;
				CLANG_WARN_EMPTY_BODY = YES;
				CLANG_WARN_ENUM_CONVERSION = YES;
				CLANG_WARN_INFINITE_RECURSION = YES;
				CLANG_WARN_INT_CONVERSION = YES;
				CLANG_WARN_NON_LITERAL_NULL_CONVERSION = YES;
				CLANG_WARN_OBJC_IMPLICIT_RETAIN_SELF = YES;
				CLANG_WARN_OBJC_LITERAL_CONVERSION = YES;
				CLANG_WARN_OBJC_ROOT_CLASS = YES_ERROR;
				CLANG_WARN_RANGE_LOOP_ANALYSIS = YES;
				CLANG_WARN_STRICT_PROTOTYPES = YES;
				CLANG_WARN_SUSPICIOUS_MOVE = YES;
				CLANG_WARN_UNGUARDED_AVAILABILITY = YES_AGGRESSIVE;
				CLANG_WARN_UNREACHABLE_CODE = YES;
				CLANG_WARN__DUPLICATE_METHOD_MATCH = YES;
				COPY_PHASE_STRIP = NO;
				DEBUG_INFORMATION_FORMAT = dwarf;
				ENABLE_STRICT_OBJC_MSGSEND = YES;
				ENABLE_TESTABILITY = YES;
				GCC_C_LANGUAGE_STANDARD = gnu11;
				GCC_DYNAMIC_NO_PIC = NO;
				GCC_NO_COMMON_BLOCKS = YES;
				GCC_OPTIMIZATION_LEVEL = 0;
				GCC_PREPROCESSOR_DEFINITIONS = (
					"DEBUG=1",
					"$(inherited)",
				);
				GCC_WARN_64_TO_32_BIT_CONVERSION = YES;
				GCC_WARN_ABOUT_RETURN_TYPE = YES_ERROR;
				GCC_WARN_UNDECLARED_SELECTOR = YES;
				GCC_WARN_UNINITIALIZED_AUTOS = YES_AGGRESSIVE;
				GCC_WARN_UNUSED_FUNCTION = YES;
				GCC_WARN_UNUSED_VARIABLE = YES;
				IPHONEOS_DEPLOYMENT_TARGET = 13.0;
				MTL_ENABLE_DEBUG_INFO = INCLUDE_SOURCE;
				MTL_FAST_MATH = YES;
				ONLY_ACTIVE_ARCH = YES;
				SDKROOT = iphoneos;
				SWIFT_ACTIVE_COMPILATION_CONDITIONS = DEBUG;
				SWIFT_OPTIMIZATION_LEVEL = "-Onone";
			};
			name = Debug;
		};
		E2ABDA1123214C5200DD3D28 /* Release */ = {
			isa = XCBuildConfiguration;
			buildSettings = {
				ALWAYS_SEARCH_USER_PATHS = NO;
				CLANG_ANALYZER_NONNULL = YES;
				CLANG_ANALYZER_NUMBER_OBJECT_CONVERSION = YES_AGGRESSIVE;
				CLANG_CXX_LANGUAGE_STANDARD = "gnu++14";
				CLANG_CXX_LIBRARY = "libc++";
				CLANG_ENABLE_MODULES = YES;
				CLANG_ENABLE_OBJC_ARC = YES;
				CLANG_ENABLE_OBJC_WEAK = YES;
				CLANG_WARN_BLOCK_CAPTURE_AUTORELEASING = YES;
				CLANG_WARN_BOOL_CONVERSION = YES;
				CLANG_WARN_COMMA = YES;
				CLANG_WARN_CONSTANT_CONVERSION = YES;
				CLANG_WARN_DEPRECATED_OBJC_IMPLEMENTATIONS = YES;
				CLANG_WARN_DIRECT_OBJC_ISA_USAGE = YES_ERROR;
				CLANG_WARN_DOCUMENTATION_COMMENTS = YES;
				CLANG_WARN_EMPTY_BODY = YES;
				CLANG_WARN_ENUM_CONVERSION = YES;
				CLANG_WARN_INFINITE_RECURSION = YES;
				CLANG_WARN_INT_CONVERSION = YES;
				CLANG_WARN_NON_LITERAL_NULL_CONVERSION = YES;
				CLANG_WARN_OBJC_IMPLICIT_RETAIN_SELF = YES;
				CLANG_WARN_OBJC_LITERAL_CONVERSION = YES;
				CLANG_WARN_OBJC_ROOT_CLASS = YES_ERROR;
				CLANG_WARN_RANGE_LOOP_ANALYSIS = YES;
				CLANG_WARN_STRICT_PROTOTYPES = YES;
				CLANG_WARN_SUSPICIOUS_MOVE = YES;
				CLANG_WARN_UNGUARDED_AVAILABILITY = YES_AGGRESSIVE;
				CLANG_WARN_UNREACHABLE_CODE = YES;
				CLANG_WARN__DUPLICATE_METHOD_MATCH = YES;
				COPY_PHASE_STRIP = NO;
				DEBUG_INFORMATION_FORMAT = "dwarf-with-dsym";
				ENABLE_NS_ASSERTIONS = NO;
				ENABLE_STRICT_OBJC_MSGSEND = YES;
				GCC_C_LANGUAGE_STANDARD = gnu11;
				GCC_NO_COMMON_BLOCKS = YES;
				GCC_WARN_64_TO_32_BIT_CONVERSION = YES;
				GCC_WARN_ABOUT_RETURN_TYPE = YES_ERROR;
				GCC_WARN_UNDECLARED_SELECTOR = YES;
				GCC_WARN_UNINITIALIZED_AUTOS = YES_AGGRESSIVE;
				GCC_WARN_UNUSED_FUNCTION = YES;
				GCC_WARN_UNUSED_VARIABLE = YES;
				IPHONEOS_DEPLOYMENT_TARGET = 13.0;
				MTL_ENABLE_DEBUG_INFO = NO;
				MTL_FAST_MATH = YES;
				SDKROOT = iphoneos;
				SWIFT_COMPILATION_MODE = wholemodule;
				SWIFT_OPTIMIZATION_LEVEL = "-O";
				VALIDATE_PRODUCT = YES;
			};
			name = Release;
		};
		E2ABDA1323214C5200DD3D28 /* Debug */ = {
			isa = XCBuildConfiguration;
			baseConfigurationReference = 46A2103D3667B5FA37B16EA9 /* Pods-OrzReader.debug.xcconfig */;
			buildSettings = {
				ASSETCATALOG_COMPILER_APPICON_NAME = AppIcon;
				CLANG_WARN_DOCUMENTATION_COMMENTS = NO;
				CODE_SIGN_STYLE = Automatic;
				DEVELOPMENT_ASSET_PATHS = "\"OrzReader/App/View/Preview Content\"";
				DEVELOPMENT_TEAM = 2N62934Y28;
				ENABLE_PREVIEWS = YES;
				INFOPLIST_FILE = OrzReader/Supported/Info.plist;
				LD_RUNPATH_SEARCH_PATHS = (
					"$(inherited)",
					"@executable_path/Frameworks",
				);
				PRODUCT_BUNDLE_IDENTIFIER = com.joker.OrzReader.OrzReader;
				PRODUCT_NAME = "$(TARGET_NAME)";
				SWIFT_OBJC_BRIDGING_HEADER = "${SRCROOT}/OrzReader/App/Core/OrzReaderBridge.h";
				SWIFT_VERSION = 5.0;
				TARGETED_DEVICE_FAMILY = "1,2";
			};
			name = Debug;
		};
		E2ABDA1423214C5200DD3D28 /* Release */ = {
			isa = XCBuildConfiguration;
			baseConfigurationReference = 8E0C44C4F2B3BE8D319BAFD2 /* Pods-OrzReader.release.xcconfig */;
			buildSettings = {
				ASSETCATALOG_COMPILER_APPICON_NAME = AppIcon;
				CLANG_WARN_DOCUMENTATION_COMMENTS = NO;
				CODE_SIGN_STYLE = Automatic;
				DEVELOPMENT_ASSET_PATHS = "\"OrzReader/App/View/Preview Content\"";
				DEVELOPMENT_TEAM = 2N62934Y28;
				ENABLE_PREVIEWS = YES;
				INFOPLIST_FILE = OrzReader/Supported/Info.plist;
				LD_RUNPATH_SEARCH_PATHS = (
					"$(inherited)",
					"@executable_path/Frameworks",
				);
				PRODUCT_BUNDLE_IDENTIFIER = com.joker.OrzReader.OrzReader;
				PRODUCT_NAME = "$(TARGET_NAME)";
				SWIFT_OBJC_BRIDGING_HEADER = "${SRCROOT}/OrzReader/App/Core/OrzReaderBridge.h";
				SWIFT_VERSION = 5.0;
				TARGETED_DEVICE_FAMILY = "1,2";
			};
			name = Release;
		};
/* End XCBuildConfiguration section */

/* Begin XCConfigurationList section */
		E2ABD9F923214C4D00DD3D28 /* Build configuration list for PBXProject "OrzReader" */ = {
			isa = XCConfigurationList;
			buildConfigurations = (
				E2ABDA1023214C5200DD3D28 /* Debug */,
				E2ABDA1123214C5200DD3D28 /* Release */,
			);
			defaultConfigurationIsVisible = 0;
			defaultConfigurationName = Release;
		};
		E2ABDA1223214C5200DD3D28 /* Build configuration list for PBXNativeTarget "OrzReader" */ = {
			isa = XCConfigurationList;
			buildConfigurations = (
				E2ABDA1323214C5200DD3D28 /* Debug */,
				E2ABDA1423214C5200DD3D28 /* Release */,
			);
			defaultConfigurationIsVisible = 0;
			defaultConfigurationName = Release;
		};
/* End XCConfigurationList section */
	};
	rootObject = E2ABD9F623214C4D00DD3D28 /* Project object */;
}
